
Microsoft Visual Studio Solution File, Format Version 12.00
# Visual Studio Version 16
VisualStudioVersion = 16.0.29503.13
MinimumVisualStudioVersion = 10.0.40219.1
Project("{9A19103F-16F7-4668-BE54-9A1E7A4F7556}") = "samplecore.mvc", "samplecore.mvc\samplecore.mvc.csproj", "{BC7DC147-B4B0-4C1A-B59A-383380C54E27}"
EndProject
Project("{9A19103F-16F7-4668-BE54-9A1E7A4F7556}") = "samplecore2.mvc", "samplecore2.mvc\samplecore2.mvc.csproj", "{8CBADCE5-B970-4079-A41F-7232C5E489E0}"
EndProject
Project("{FAE04EC0-301F-11D3-BF4B-00C04F79EFBC}") = "samplecore3.mvc", "samplecore3.mvc\samplecore3.mvc.csproj", "{52E56BE0-11B8-450C-B727-B7ACB223224D}"
EndProject
Global
	GlobalSection(SolutionConfigurationPlatforms) = preSolution
		Debug|Any CPU = Debug|Any CPU
		Release|Any CPU = Release|Any CPU
	EndGlobalSection
	GlobalSection(ProjectConfigurationPlatforms) = postSolution
		{BC7DC147-B4B0-4C1A-B59A-383380C54E27}.Debug|Any CPU.ActiveCfg = Debug|Any CPU
		{BC7DC147-B4B0-4C1A-B59A-383380C54E27}.Debug|Any CPU.Build.0 = Debug|Any CPU
		{BC7DC147-B4B0-4C1A-B59A-383380C54E27}.Release|Any CPU.ActiveCfg = Release|Any CPU
		{BC7DC147-B4B0-4C1A-B59A-383380C54E27}.Release|Any CPU.Build.0 = Release|Any CPU
		{8CBADCE5-B970-4079-A41F-7232C5E489E0}.Debug|Any CPU.ActiveCfg = Debug|Any CPU
		{8CBADCE5-B970-4079-A41F-7232C5E489E0}.Debug|Any CPU.Build.0 = Debug|Any CPU
		{8CBADCE5-B970-4079-A41F-7232C5E489E0}.Release|Any CPU.ActiveCfg = Release|Any CPU
		{8CBADCE5-B970-4079-A41F-7232C5E489E0}.Release|Any CPU.Build.0 = Release|Any CPU
		{52E56BE0-11B8-450C-B727-B7ACB223224D}.Debug|Any CPU.ActiveCfg = Debug|Any CPU
		{52E56BE0-11B8-450C-B727-B7ACB223224D}.Debug|Any CPU.Build.0 = Debug|Any CPU
		{52E56BE0-11B8-450C-B727-B7ACB223224D}.Release|Any CPU.ActiveCfg = Release|Any CPU
		{52E56BE0-11B8-450C-B727-B7ACB223224D}.Release|Any CPU.Build.0 = Release|Any CPU
	EndGlobalSection
	GlobalSection(SolutionProperties) = preSolution
		HideSolutionNode = FALSE
	EndGlobalSection
	GlobalSection(ExtensibilityGlobals) = postSolution
		SolutionGuid = {6B6EDCFE-EFFD-463E-B47B-29B106434A1A}
	EndGlobalSection
EndGlobal
